
Microsoft Visual Studio Solution File, Format Version 12.00
# Visual Studio Version 16
VisualStudioVersion = 16.0.31105.61
MinimumVisualStudioVersion = 10.0.40219.1
Project("{9A19103F-16F7-4668-BE54-9A1E7A4F7556}") = "SCForeignChat", "SCForeignChat\SCForeignChat.csproj", "{44687D66-B069-434B-99E1-A8628DC17652}"
EndProject
Global
	GlobalSection(SolutionConfigurationPlatforms) = preSolution
		Debug|Any CPU = Debug|Any CPU
		Release|Any CPU = Release|Any CPU
	EndGlobalSection
	GlobalSection(ProjectConfigurationPlatforms) = postSolution
		{44687D66-B069-434B-99E1-A8628DC17652}.Debug|Any CPU.ActiveCfg = Debug|Any CPU
		{44687D66-B069-434B-99E1-A8628DC17652}.Debug|Any CPU.Build.0 = Debug|Any CPU
		{44687D66-B069-434B-99E1-A8628DC17652}.Release|Any CPU.ActiveCfg = Release|Any CPU
		{44687D66-B069-434B-99E1-A8628DC17652}.Release|Any CPU.Build.0 = Release|Any CPU
	EndGlobalSection
	GlobalSection(SolutionProperties) = preSolution
		HideSolutionNode = FALSE
	EndGlobalSection
	GlobalSection(ExtensibilityGlobals) = postSolution
		SolutionGuid = {0CE99EC8-1D7F-4A9B-9963-9AA571F824E2}
	EndGlobalSection
EndGlobal
